
Microsoft Visual Studio Solution File, Format Version 12.00
# Visual Studio Version 16
VisualStudioVersion = 16.0.30011.22
MinimumVisualStudioVersion = 10.0.40219.1
Project("{FAE04EC0-301F-11D3-BF4B-00C04F79EFBC}") = "WheelSelect", "WheelSelect\WheelSelect.csproj", "{1D8C440D-5039-46DE-AB25-3F81C7055D8B}"
EndProject
Global
	GlobalSection(SolutionConfigurationPlatforms) = preSolution
		Debug|Any CPU = Debug|Any CPU
		Release|Any CPU = Release|Any CPU
	EndGlobalSection
	GlobalSection(ProjectConfigurationPlatforms) = postSolution
		{1D8C440D-5039-46DE-AB25-3F81C7055D8B}.Debug|Any CPU.ActiveCfg = Debug|Any CPU
		{1D8C440D-5039-46DE-AB25-3F81C7055D8B}.Debug|Any CPU.Build.0 = Debug|Any CPU
		{1D8C440D-5039-46DE-AB25-3F81C7055D8B}.Release|Any CPU.ActiveCfg = Release|Any CPU
		{1D8C440D-5039-46DE-AB25-3F81C7055D8B}.Release|Any CPU.Build.0 = Release|Any CPU
	EndGlobalSection
	GlobalSection(SolutionProperties) = preSolution
		HideSolutionNode = FALSE
	EndGlobalSection
	GlobalSection(ExtensibilityGlobals) = postSolution
		SolutionGuid = {8A7A7B5C-8D05-48CF-A3D7-1680F613D5EB}
	EndGlobalSection
EndGlobal
